PODS:
  - Alamofire (4.7.3)
  - iOSDropDown (0.2.5)
  - JTAppleCalendar (7.1.6)
  - SVProgressHUD (2.2.5)
  - TTSegmentedControl (0.4.7)

DEPENDENCIES:
  - Alamofire
  - iOSDropDown
  - JTAppleCalendar
  - SVProgressHUD
  - TTSegmentedControl

SPEC REPOS:
  https://github.com/cocoapods/specs.git:
    - Alamofire
    - iOSDropDown
    - JTAppleCalendar
    - SVProgressHUD
    - TTSegmentedControl

SPEC CHECKSUMS:
  Alamofire: c7287b6e5d7da964a70935e5db17046b7fde6568
  iOSDropDown: 7f67cd0bb3421774f79ba9376700ac6949eb3098
  JTAppleCalendar: abb30678f42a4ef8a340a932b1dcb8c85a33dac2
  SVProgressHUD: 1428aafac632c1f86f62aa4243ec12008d7a51d6
  TTSegmentedControl: 422a8fab507a02a60050476d69d577052550f592

PODFILE CHECKSUM: 02e5f1a0942e220602fce0c9afc26f41bb972d3d

COCOAPODS: 1.5.3
